{
  "version": 4,
  "terraform_version": "1.13.3",
  "serial": 7,
  "lineage": "1e910c1c-ff82-cf38-f10e-b77fd6f9c470",
  "outputs": {},
  "resources": [
    {
      "mode": "managed",
      "type": "libvirt_network",
      "name": "wordpress_net",
      "provider": "provider[\"registry.terraform.io/dmacvicar/libvirt\"]",
      "instances": [
        {
          "schema_version": 0,
          "attributes": {
            "addresses": [
              "192.168.200.0/24"
            ],
            "autostart": false,
            "bridge": "virbr0",
            "dhcp": [
              {
                "enabled": true
              }
            ],
            "dns": [],
            "dnsmasq_options": [],
            "domain": null,
            "id": "4ae1bfc3-71ce-4484-8b78-bceb9408a88f",
            "mode": "nat",
            "mtu": null,
            "name": "wordpressnet",
            "routes": [],
            "xml": []
          },
          "sensitive_attributes": [],
          "identity_schema_version": 0,
          "private": "bnVsbA=="
        }
      ]
    }
  ],
  "check_results": null
}
